
Microsoft Visual Studio Solution File, Format Version 12.00
# Visual Studio Version 16
VisualStudioVersion = 16.0.30104.148
MinimumVisualStudioVersion = 10.0.40219.1
Project("{8BC9CEB8-8B4A-11D0-8D11-00A0C91BC942}") = "WordDefinitions", "WordDefinitions\WordDefinitions.vcxproj", "{9C1A9928-0E14-4967-B3DF-E317441F7E50}"
EndProject
Global
	GlobalSection(SolutionConfigurationPlatforms) = preSolution
		Debug|x64 = Debug|x64
		Debug|x86 = Debug|x86
		Release|x64 = Release|x64
		Release|x86 = Release|x86
	EndGlobalSection
	GlobalSection(ProjectConfigurationPlatforms) = postSolution
		{9C1A9928-0E14-4967-B3DF-E317441F7E50}.Debug|x64.ActiveCfg = Debug|x64
		{9C1A9928-0E14-4967-B3DF-E317441F7E50}.Debug|x64.Build.0 = Debug|x64
		{9C1A9928-0E14-4967-B3DF-E317441F7E50}.Debug|x86.ActiveCfg = Debug|Win32
		{9C1A9928-0E14-4967-B3DF-E317441F7E50}.Debug|x86.Build.0 = Debug|Win32
		{9C1A9928-0E14-4967-B3DF-E317441F7E50}.Release|x64.ActiveCfg = Release|x64
		{9C1A9928-0E14-4967-B3DF-E317441F7E50}.Release|x64.Build.0 = Release|x64
		{9C1A9928-0E14-4967-B3DF-E317441F7E50}.Release|x86.ActiveCfg = Release|Win32
		{9C1A9928-0E14-4967-B3DF-E317441F7E50}.Release|x86.Build.0 = Release|Win32
	EndGlobalSection
	GlobalSection(SolutionProperties) = preSolution
		HideSolutionNode = FALSE
	EndGlobalSection
	GlobalSection(ExtensibilityGlobals) = postSolution
		SolutionGuid = {36F25AC8-A2E7-40C3-BC28-78E39400D514}
	EndGlobalSection
EndGlobal
